Microsoft Visual Studio Solution File, Format Version 12.00
# Visual Studio Version 17
VisualStudioVersion = 17.5.2.0
MinimumVisualStudioVersion = 10.0.40219.1
Project("{FAE04EC0-301F-11D3-BF4B-00C04F79EFBC}") = "RopeCards", "RopeCards\RopeCards.csproj", "{F721580D-193F-60BE-F573-7EB5C7FB6583}"
EndProject
Global
	GlobalSection(SolutionConfigurationPlatforms) = preSolution
		Debug|Any CPU = Debug|Any CPU
		Release|Any CPU = Release|Any CPU
	EndGlobalSection
	GlobalSection(ProjectConfigurationPlatforms) = postSolution
		{F721580D-193F-60BE-F573-7EB5C7FB6583}.Debug|Any CPU.ActiveCfg = Debug|Any CPU
		{F721580D-193F-60BE-F573-7EB5C7FB6583}.Debug|Any CPU.Build.0 = Debug|Any CPU
		{F721580D-193F-60BE-F573-7EB5C7FB6583}.Release|Any CPU.ActiveCfg = Release|Any CPU
		{F721580D-193F-60BE-F573-7EB5C7FB6583}.Release|Any CPU.Build.0 = Release|Any CPU
	EndGlobalSection
	GlobalSection(SolutionProperties) = preSolution
		HideSolutionNode = FALSE
	EndGlobalSection
	GlobalSection(ExtensibilityGlobals) = postSolution
		SolutionGuid = {14D9BD53-B5F5-4CA6-8685-EE09F8C8CBE9}
	EndGlobalSection
EndGlobal
